// !$*UTF8*$!
{
	archiveVersion = 1;
	classes = {
	};
	objectVersion = 55;
	objects = {

/* Begin PBXBuildFile section */
		612D1A1E284FA76C00FE31E2 /* AppDelegate.swift in Sources */ = {isa = PBXBuildFile; fileRef = 612D1A1D284FA76C00FE31E2 /* AppDelegate.swift */; };
		612D1A20284FA76C00FE31E2 /* SceneDelegate.swift in Sources */ = {isa = PBXBuildFile; fileRef = 612D1A1F284FA76C00FE31E2 /* SceneDelegate.swift */; };
		612D1A22284FA76C00FE31E2 /* ViewController.swift in Sources */ = {isa = PBXBuildFile; fileRef = 612D1A21284FA76C00FE31E2 /* ViewController.swift */; };
		612D1A25284FA76C00FE31E2 /* Main.storyboard in Resources */ = {isa = PBXBuildFile; fileRef = 612D1A23284FA76C00FE31E2 /* Main.storyboard */; };
		612D1A27284FA76E00FE31E2 /* Assets.xcassets in Resources */ = {isa = PBXBuildFile; fileRef = 612D1A26284FA76E00FE31E2 /* Assets.xcassets */; };
		612D1A2A284FA76E00FE31E2 /* LaunchScreen.storyboard in Resources */ = {isa = PBXBuildFile; fileRef = 612D1A28284FA76E00FE31E2 /* LaunchScreen.storyboard */; };
		612D1A35284FA76F00FE31E2 /* Ray_WanderlichTests.swift in Sources */ = {isa = PBXBuildFile; fileRef = 612D1A34284FA76F00FE31E2 /* Ray_WanderlichTests.swift */; };
		612D1A3F284FA76F00FE31E2 /* Ray_WanderlichUITests.swift in Sources */ = {isa = PBXBuildFile; fileRef = 612D1A3E284FA76F00FE31E2 /* Ray_WanderlichUITests.swift */; };
		612D1A41284FA76F00FE31E2 /* Ray_WanderlichUITestsLaunchTests.swift in Sources */ = {isa = PBXBuildFile; fileRef = 612D1A40284FA76F00FE31E2 /* Ray_WanderlichUITestsLaunchTests.swift */; };
		612D1A50284FA88000FE31E2 /* articles.json in Resources */ = {isa = PBXBuildFile; fileRef = 612D1A4F284FA88000FE31E2 /* articles.json */; };
		612D1A52284FA8B200FE31E2 /* videos.json in Resources */ = {isa = PBXBuildFile; fileRef = 612D1A51284FA8B200FE31E2 /* videos.json */; };
		612D1A58284FE43A00FE31E2 /* Content.swift in Sources */ = {isa = PBXBuildFile; fileRef = 612D1A57284FE43A00FE31E2 /* Content.swift */; };
		61A02B1428538EA4009B5DE3 /* Utilities.swift in Sources */ = {isa = PBXBuildFile; fileRef = 61A02B1328538EA4009B5DE3 /* Utilities.swift */; };
		61A02B16285408D8009B5DE3 /* Service.swift in Sources */ = {isa = PBXBuildFile; fileRef = 61A02B15285408D8009B5DE3 /* Service.swift */; };
		61A02B182854122C009B5DE3 /* JsonLoading.swift in Sources */ = {isa = PBXBuildFile; fileRef = 61A02B172854122C009B5DE3 /* JsonLoading.swift */; };
		61A02B1A285922F9009B5DE3 /* Mocked.swift in Sources */ = {isa = PBXBuildFile; fileRef = 61A02B19285922F9009B5DE3 /* Mocked.swift */; };
		61A02B1D285923B0009B5DE3 /* MockedJSONService.swift in Sources */ = {isa = PBXBuildFile; fileRef = 61A02B1C285923B0009B5DE3 /* MockedJSONService.swift */; };
/* End PBXBuildFile section */

/* Begin PBXContainerItemProxy section */
		612D1A31284FA76F00FE31E2 /* PBXContainerItemProxy */ = {
			isa = PBXContainerItemProxy;
			containerPortal = 612D1A12284FA76C00FE31E2 /* Project object */;
			proxyType = 1;
			remoteGlobalIDString = 612D1A19284FA76C00FE31E2;
			remoteInfo = "Ray-Wanderlich";
		};
		612D1A3B284FA76F00FE31E2 /* PBXContainerItemProxy */ = {
			isa = PBXContainerItemProxy;
			containerPortal = 612D1A12284FA76C00FE31E2 /* Project object */;
			proxyType = 1;
			remoteGlobalIDString = 612D1A19284FA76C00FE31E2;
			remoteInfo = "Ray-Wanderlich";
		};
/* End PBXContainerItemProxy section */

/* Begin PBXFileReference section */
		612D1A1A284FA76C00FE31E2 /* Ray-Wanderlich.app */ = {isa = PBXFileReference; explicitFileType = wrapper.application; includeInIndex = 0; path = "Ray-Wanderlich.app"; sourceTree = BUILT_PRODUCTS_DIR; };
		612D1A1D284FA76C00FE31E2 /* AppDelegate.swift */ = {isa = PBXFileReference; lastKnownFileType = sourcecode.swift; path = AppDelegate.swift; sourceTree = "<group>"; };
		612D1A1F284FA76C00FE31E2 /* SceneDelegate.swift */ = {isa = PBXFileReference; lastKnownFileType = sourcecode.swift; path = SceneDelegate.swift; sourceTree = "<group>"; };
		612D1A21284FA76C00FE31E2 /* ViewController.swift */ = {isa = PBXFileReference; lastKnownFileType = sourcecode.swift; path = ViewController.swift; sourceTree = "<group>"; };
		612D1A24284FA76C00FE31E2 /* Base */ = {isa = PBXFileReference; lastKnownFileType = file.storyboard; name = Base; path = Base.lproj/Main.storyboard; sourceTree = "<group>"; };
		612D1A26284FA76E00FE31E2 /* Assets.xcassets */ = {isa = PBXFileReference; lastKnownFileType = folder.assetcatalog; path = Assets.xcassets; sourceTree = "<group>"; };
		612D1A29284FA76E00FE31E2 /* Base */ = {isa = PBXFileReference; lastKnownFileType = file.storyboard; name = Base; path = Base.lproj/LaunchScreen.storyboard; sourceTree = "<group>"; };
		612D1A2B284FA76E00FE31E2 /* Info.plist */ = {isa = PBXFileReference; lastKnownFileType = text.plist.xml; path = Info.plist; sourceTree = "<group>"; };
		612D1A30284FA76F00FE31E2 /* Ray-WanderlichTests.xctest */ = {isa = PBXFileReference; explicitFileType = wrapper.cfbundle; includeInIndex = 0; path = "Ray-WanderlichTests.xctest"; sourceTree = BUILT_PRODUCTS_DIR; };
		612D1A34284FA76F00FE31E2 /* Ray_WanderlichTests.swift */ = {isa = PBXFileReference; lastKnownFileType = sourcecode.swift; path = Ray_WanderlichTests.swift; sourceTree = "<group>"; };
		612D1A3A284FA76F00FE31E2 /* Ray-WanderlichUITests.xctest */ = {isa = PBXFileReference; explicitFileType = wrapper.cfbundle; includeInIndex = 0; path = "Ray-WanderlichUITests.xctest"; sourceTree = BUILT_PRODUCTS_DIR; };
		612D1A3E284FA76F00FE31E2 /* Ray_WanderlichUITests.swift */ = {isa = PBXFileReference; lastKnownFileType = sourcecode.swift; path = Ray_WanderlichUITests.swift; sourceTree = "<group>"; };
		612D1A40284FA76F00FE31E2 /* Ray_WanderlichUITestsLaunchTests.swift */ = {isa = PBXFileReference; lastKnownFileType = sourcecode.swift; path = Ray_WanderlichUITestsLaunchTests.swift; sourceTree = "<group>"; };
		612D1A4F284FA88000FE31E2 /* articles.json */ = {isa = PBXFileReference; lastKnownFileType = text.json; path = articles.json; sourceTree = "<group>"; };
		612D1A51284FA8B200FE31E2 /* videos.json */ = {isa = PBXFileReference; lastKnownFileType = text.json; path = videos.json; sourceTree = "<group>"; };
		612D1A57284FE43A00FE31E2 /* Content.swift */ = {isa = PBXFileReference; lastKnownFileType = sourcecode.swift; path = Content.swift; sourceTree = "<group>"; };
		61A02B1328538EA4009B5DE3 /* Utilities.swift */ = {isa = PBXFileReference; lastKnownFileType = sourcecode.swift; path = Utilities.swift; sourceTree = "<group>"; };
		61A02B15285408D8009B5DE3 /* Service.swift */ = {isa = PBXFileReference; lastKnownFileType = sourcecode.swift; path = Service.swift; sourceTree = "<group>"; };
		61A02B172854122C009B5DE3 /* JsonLoading.swift */ = {isa = PBXFileReference; lastKnownFileType = sourcecode.swift; path = JsonLoading.swift; sourceTree = "<group>"; };
		61A02B19285922F9009B5DE3 /* Mocked.swift */ = {isa = PBXFileReference; lastKnownFileType = sourcecode.swift; path = Mocked.swift; sourceTree = "<group>"; };
		61A02B1C285923B0009B5DE3 /* MockedJSONService.swift */ = {isa = PBXFileReference; lastKnownFileType = sourcecode.swift; path = MockedJSONService.swift; sourceTree = "<group>"; };
/* End PBXFileReference section */

/* Begin PBXFrameworksBuildPhase section */
		612D1A17284FA76C00FE31E2 /* Frameworks */ = {
			isa = PBXFrameworksBuildPhase;
			buildActionMask = 2147483647;
			files = (
			);
			runOnlyForDeploymentPostprocessing = 0;
		};
		612D1A2D284FA76F00FE31E2 /* Frameworks */ = {
			isa = PBXFrameworksBuildPhase;
			buildActionMask = 2147483647;
			files = (
			);
			runOnlyForDeploymentPostprocessing = 0;
		};
		612D1A37284FA76F00FE31E2 /* Frameworks */ = {
			isa = PBXFrameworksBuildPhase;
			buildActionMask = 2147483647;
			files = (
			);
			runOnlyForDeploymentPostprocessing = 0;
		};
/* End PBXFrameworksBuildPhase section */

/* Begin PBXGroup section */
		612D1A11284FA76C00FE31E2 = {
			isa = PBXGroup;
			children = (
				612D1A1C284FA76C00FE31E2 /* Ray-Wanderlich */,
				612D1A33284FA76F00FE31E2 /* Ray-WanderlichTests */,
				612D1A3D284FA76F00FE31E2 /* Ray-WanderlichUITests */,
				612D1A1B284FA76C00FE31E2 /* Products */,
			);
			sourceTree = "<group>";
		};
		612D1A1B284FA76C00FE31E2 /* Products */ = {
			isa = PBXGroup;
			children = (
				612D1A1A284FA76C00FE31E2 /* Ray-Wanderlich.app */,
				612D1A30284FA76F00FE31E2 /* Ray-WanderlichTests.xctest */,
				612D1A3A284FA76F00FE31E2 /* Ray-WanderlichUITests.xctest */,
			);
			name = Products;
			sourceTree = "<group>";
		};
		612D1A1C284FA76C00FE31E2 /* Ray-Wanderlich */ = {
			isa = PBXGroup;
			children = (
				61A02B1B2859238E009B5DE3 /* Services */,
				612D1A59284FE4DE00FE31E2 /* Common */,
				612D1A4D284FA83600FE31E2 /* Models */,
				612D1A1D284FA76C00FE31E2 /* AppDelegate.swift */,
				612D1A1F284FA76C00FE31E2 /* SceneDelegate.swift */,
				612D1A21284FA76C00FE31E2 /* ViewController.swift */,
				612D1A23284FA76C00FE31E2 /* Main.storyboard */,
				612D1A26284FA76E00FE31E2 /* Assets.xcassets */,
				612D1A28284FA76E00FE31E2 /* LaunchScreen.storyboard */,
				612D1A2B284FA76E00FE31E2 /* Info.plist */,
			);
			path = "Ray-Wanderlich";
			sourceTree = "<group>";
		};
		612D1A33284FA76F00FE31E2 /* Ray-WanderlichTests */ = {
			isa = PBXGroup;
			children = (
				612D1A34284FA76F00FE31E2 /* Ray_WanderlichTests.swift */,
			);
			path = "Ray-WanderlichTests";
			sourceTree = "<group>";
		};
		612D1A3D284FA76F00FE31E2 /* Ray-WanderlichUITests */ = {
			isa = PBXGroup;
			children = (
				612D1A3E284FA76F00FE31E2 /* Ray_WanderlichUITests.swift */,
				612D1A40284FA76F00FE31E2 /* Ray_WanderlichUITestsLaunchTests.swift */,
			);
			path = "Ray-WanderlichUITests";
			sourceTree = "<group>";
		};
		612D1A4D284FA83600FE31E2 /* Models */ = {
			isa = PBXGroup;
			children = (
				612D1A4E284FA85F00FE31E2 /* Mocks */,
				612D1A57284FE43A00FE31E2 /* Content.swift */,
			);
			path = Models;
			sourceTree = "<group>";
		};
		612D1A4E284FA85F00FE31E2 /* Mocks */ = {
			isa = PBXGroup;
			children = (
				612D1A4F284FA88000FE31E2 /* articles.json */,
				612D1A51284FA8B200FE31E2 /* videos.json */,
				61A02B19285922F9009B5DE3 /* Mocked.swift */,
			);
			path = Mocks;
			sourceTree = "<group>";
		};
		612D1A59284FE4DE00FE31E2 /* Common */ = {
			isa = PBXGroup;
			children = (
				61A02B1328538EA4009B5DE3 /* Utilities.swift */,
				61A02B172854122C009B5DE3 /* JsonLoading.swift */,
			);
			path = Common;
			sourceTree = "<group>";
		};
		61A02B1B2859238E009B5DE3 /* Services */ = {
			isa = PBXGroup;
			children = (
				61A02B15285408D8009B5DE3 /* Service.swift */,
				61A02B1C285923B0009B5DE3 /* MockedJSONService.swift */,
			);
			path = Services;
			sourceTree = "<group>";
		};
/* End PBXGroup section */

/* Begin PBXNativeTarget section */
		612D1A19284FA76C00FE31E2 /* Ray-Wanderlich */ = {
			isa = PBXNativeTarget;
			buildConfigurationList = 612D1A44284FA76F00FE31E2 /* Build configuration list for PBXNativeTarget "Ray-Wanderlich" */;
			buildPhases = (
				612D1A16284FA76C00FE31E2 /* Sources */,
				612D1A17284FA76C00FE31E2 /* Frameworks */,
				612D1A18284FA76C00FE31E2 /* Resources */,
			);
			buildRules = (
			);
			dependencies = (
			);
			name = "Ray-Wanderlich";
			productName = "Ray-Wanderlich";
			productReference = 612D1A1A284FA76C00FE31E2 /* Ray-Wanderlich.app */;
			productType = "com.apple.product-type.application";
		};
		612D1A2F284FA76F00FE31E2 /* Ray-WanderlichTests */ = {
			isa = PBXNativeTarget;
			buildConfigurationList = 612D1A47284FA76F00FE31E2 /* Build configuration list for PBXNativeTarget "Ray-WanderlichTests" */;
			buildPhases = (
				612D1A2C284FA76F00FE31E2 /* Sources */,
				612D1A2D284FA76F00FE31E2 /* Frameworks */,
				612D1A2E284FA76F00FE31E2 /* Resources */,
			);
			buildRules = (
			);
			dependencies = (
				612D1A32284FA76F00FE31E2 /* PBXTargetDependency */,
			);
			name = "Ray-WanderlichTests";
			productName = "Ray-WanderlichTests";
			productReference = 612D1A30284FA76F00FE31E2 /* Ray-WanderlichTests.xctest */;
			productType = "com.apple.product-type.bundle.unit-test";
		};
		612D1A39284FA76F00FE31E2 /* Ray-WanderlichUITests */ = {
			isa = PBXNativeTarget;
			buildConfigurationList = 612D1A4A284FA76F00FE31E2 /* Build configuration list for PBXNativeTarget "Ray-WanderlichUITests" */;
			buildPhases = (
				612D1A36284FA76F00FE31E2 /* Sources */,
				612D1A37284FA76F00FE31E2 /* Frameworks */,
				612D1A38284FA76F00FE31E2 /* Resources */,
			);
			buildRules = (
			);
			dependencies = (
				612D1A3C284FA76F00FE31E2 /* PBXTargetDependency */,
			);
			name = "Ray-WanderlichUITests";
			productName = "Ray-WanderlichUITests";
			productReference = 612D1A3A284FA76F00FE31E2 /* Ray-WanderlichUITests.xctest */;
			productType = "com.apple.product-type.bundle.ui-testing";
		};
/* End PBXNativeTarget section */

/* Begin PBXProject section */
		612D1A12284FA76C00FE31E2 /* Project object */ = {
			isa = PBXProject;
			attributes = {
				BuildIndependentTargetsInParallel = 1;
				LastSwiftUpdateCheck = 1340;
				LastUpgradeCheck = 1340;
				TargetAttributes = {
					612D1A19284FA76C00FE31E2 = {
						CreatedOnToolsVersion = 13.4.1;
					};
					612D1A2F284FA76F00FE31E2 = {
						CreatedOnToolsVersion = 13.4.1;
						TestTargetID = 612D1A19284FA76C00FE31E2;
					};
					612D1A39284FA76F00FE31E2 = {
						CreatedOnToolsVersion = 13.4.1;
						TestTargetID = 612D1A19284FA76C00FE31E2;
					};
				};
			};
			buildConfigurationList = 612D1A15284FA76C00FE31E2 /* Build configuration list for PBXProject "Ray-Wanderlich" */;
			compatibilityVersion = "Xcode 13.0";
			developmentRegion = en;
			hasScannedForEncodings = 0;
			knownRegions = (
				en,
				Base,
			);
			mainGroup = 612D1A11284FA76C00FE31E2;
			productRefGroup = 612D1A1B284FA76C00FE31E2 /* Products */;
			projectDirPath = "";
			projectRoot = "";
			targets = (
				612D1A19284FA76C00FE31E2 /* Ray-Wanderlich */,
				612D1A2F284FA76F00FE31E2 /* Ray-WanderlichTests */,
				612D1A39284FA76F00FE31E2 /* Ray-WanderlichUITests */,
			);
		};
/* End PBXProject section */

/* Begin PBXResourcesBuildPhase section */
		612D1A18284FA76C00FE31E2 /* Resources */ = {
			isa = PBXResourcesBuildPhase;
			buildActionMask = 2147483647;
			files = (
				612D1A50284FA88000FE31E2 /* articles.json in Resources */,
				612D1A2A284FA76E00FE31E2 /* LaunchScreen.storyboard in Resources */,
				612D1A52284FA8B200FE31E2 /* videos.json in Resources */,
				612D1A27284FA76E00FE31E2 /* Assets.xcassets in Resources */,
				612D1A25284FA76C00FE31E2 /* Main.storyboard in Resources */,
			);
			runOnlyForDeploymentPostprocessing = 0;
		};
		612D1A2E284FA76F00FE31E2 /* Resources */ = {
			isa = PBXResourcesBuildPhase;
			buildActionMask = 2147483647;
			files = (
			);
			runOnlyForDeploymentPostprocessing = 0;
		};
		612D1A38284FA76F00FE31E2 /* Resources */ = {
			isa = PBXResourcesBuildPhase;
			buildActionMask = 2147483647;
			files = (
			);
			runOnlyForDeploymentPostprocessing = 0;
		};
/* End PBXResourcesBuildPhase section */

/* Begin PBXSourcesBuildPhase section */
		612D1A16284FA76C00FE31E2 /* Sources */ = {
			isa = PBXSourcesBuildPhase;
			buildActionMask = 2147483647;
			files = (
				612D1A22284FA76C00FE31E2 /* ViewController.swift in Sources */,
				61A02B1D285923B0009B5DE3 /* MockedJSONService.swift in Sources */,
				612D1A1E284FA76C00FE31E2 /* AppDelegate.swift in Sources */,
				61A02B1A285922F9009B5DE3 /* Mocked.swift in Sources */,
				612D1A20284FA76C00FE31E2 /* SceneDelegate.swift in Sources */,
				61A02B1428538EA4009B5DE3 /* Utilities.swift in Sources */,
				61A02B182854122C009B5DE3 /* JsonLoading.swift in Sources */,
				612D1A58284FE43A00FE31E2 /* Content.swift in Sources */,
				61A02B16285408D8009B5DE3 /* Service.swift in Sources */,
			);
			runOnlyForDeploymentPostprocessing = 0;
		};
		612D1A2C284FA76F00FE31E2 /* Sources */ = {
			isa = PBXSourcesBuildPhase;
			buildActionMask = 2147483647;
			files = (
				612D1A35284FA76F00FE31E2 /* Ray_WanderlichTests.swift in Sources */,
			);
			runOnlyForDeploymentPostprocessing = 0;
		};
		612D1A36284FA76F00FE31E2 /* Sources */ = {
			isa = PBXSourcesBuildPhase;
			buildActionMask = 2147483647;
			files = (
				612D1A41284FA76F00FE31E2 /* Ray_WanderlichUITestsLaunchTests.swift in Sources */,
				612D1A3F284FA76F00FE31E2 /* Ray_WanderlichUITests.swift in Sources */,
			);
			runOnlyForDeploymentPostprocessing = 0;
		};
/* End PBXSourcesBuildPhase section */

/* Begin PBXTargetDependency section */
		612D1A32284FA76F00FE31E2 /* PBXTargetDependency */ = {
			isa = PBXTargetDependency;
			target = 612D1A19284FA76C00FE31E2 /* Ray-Wanderlich */;
			targetProxy = 612D1A31284FA76F00FE31E2 /* PBXContainerItemProxy */;
		};
		612D1A3C284FA76F00FE31E2 /* PBXTargetDependency */ = {
			isa = PBXTargetDependency;
			target = 612D1A19284FA76C00FE31E2 /* Ray-Wanderlich */;
			targetProxy = 612D1A3B284FA76F00FE31E2 /* PBXContainerItemProxy */;
		};
/* End PBXTargetDependency section */

/* Begin PBXVariantGroup section */
		612D1A23284FA76C00FE31E2 /* Main.storyboard */ = {
			isa = PBXVariantGroup;
			children = (
				612D1A24284FA76C00FE31E2 /* Base */,
			);
			name = Main.storyboard;
			sourceTree = "<group>";
		};
		612D1A28284FA76E00FE31E2 /* LaunchScreen.storyboard */ = {
			isa = PBXVariantGroup;
			children = (
				612D1A29284FA76E00FE31E2 /* Base */,
			);
			name = LaunchScreen.storyboard;
			sourceTree = "<group>";
		};
/* End PBXVariantGroup section */

/* Begin XCBuildConfiguration section */
		612D1A42284FA76F00FE31E2 /* Debug */ = {
			isa = XCBuildConfiguration;
			buildSettings = {
				ALWAYS_SEARCH_USER_PATHS = NO;
				CLANG_ANALYZER_NONNULL = YES;
				CLANG_ANALYZER_NUMBER_OBJECT_CONVERSION = YES_AGGRESSIVE;
				CLANG_CXX_LANGUAGE_STANDARD = "gnu++17";
				CLANG_ENABLE_MODULES = YES;
				CLANG_ENABLE_OBJC_ARC = YES;
				CLANG_ENABLE_OBJC_WEAK = YES;
				CLANG_WARN_BLOCK_CAPTURE_AUTORELEASING = YES;
				CLANG_WARN_BOOL_CONVERSION = YES;
				CLANG_WARN_COMMA = YES;
				CLANG_WARN_CONSTANT_CONVERSION = YES;
				CLANG_WARN_DEPRECATED_OBJC_IMPLEMENTATIONS = YES;
				CLANG_WARN_DIRECT_OBJC_ISA_USAGE = YES_ERROR;
				CLANG_WARN_DOCUMENTATION_COMMENTS = YES;
				CLANG_WARN_EMPTY_BODY = YES;
				CLANG_WARN_ENUM_CONVERSION = YES;
				CLANG_WARN_INFINITE_RECURSION = YES;
				CLANG_WARN_INT_CONVERSION = YES;
				CLANG_WARN_NON_LITERAL_NULL_CONVERSION = YES;
				CLANG_WARN_OBJC_IMPLICIT_RETAIN_SELF = YES;
				CLANG_WARN_OBJC_LITERAL_CONVERSION = YES;
				CLANG_WARN_OBJC_ROOT_CLASS = YES_ERROR;
				CLANG_WARN_QUOTED_INCLUDE_IN_FRAMEWORK_HEADER = YES;
				CLANG_WARN_RANGE_LOOP_ANALYSIS = YES;
				CLANG_WARN_STRICT_PROTOTYPES = YES;
				CLANG_WARN_SUSPICIOUS_MOVE = YES;
				CLANG_WARN_UNGUARDED_AVAILABILITY = YES_AGGRESSIVE;
				CLANG_WARN_UNREACHABLE_CODE = YES;
				CLANG_WARN__DUPLICATE_METHOD_MATCH = YES;
				COPY_PHASE_STRIP = NO;
				DEBUG_INFORMATION_FORMAT = dwarf;
				ENABLE_STRICT_OBJC_MSGSEND = YES;
				ENABLE_TESTABILITY = YES;
				GCC_C_LANGUAGE_STANDARD = gnu11;
				GCC_DYNAMIC_NO_PIC = NO;
				GCC_NO_COMMON_BLOCKS = YES;
				GCC_OPTIMIZATION_LEVEL = 0;
				GCC_PREPROCESSOR_DEFINITIONS = (
					"DEBUG=1",
					"$(inherited)",
				);
				GCC_WARN_64_TO_32_BIT_CONVERSION = YES;
				GCC_WARN_ABOUT_RETURN_TYPE = YES_ERROR;
				GCC_WARN_UNDECLARED_SELECTOR = YES;
				GCC_WARN_UNINITIALIZED_AUTOS = YES_AGGRESSIVE;
				GCC_WARN_UNUSED_FUNCTION = YES;
				GCC_WARN_UNUSED_VARIABLE = YES;
				IPHONEOS_DEPLOYMENT_TARGET = 15.5;
				MTL_ENABLE_DEBUG_INFO = INCLUDE_SOURCE;
				MTL_FAST_MATH = YES;
				ONLY_ACTIVE_ARCH = YES;
				SDKROOT = iphoneos;
				SWIFT_ACTIVE_COMPILATION_CONDITIONS = DEBUG;
				SWIFT_OPTIMIZATION_LEVEL = "-Onone";
			};
			name = Debug;
		};
		612D1A43284FA76F00FE31E2 /* Release */ = {
			isa = XCBuildConfiguration;
			buildSettings = {
				ALWAYS_SEARCH_USER_PATHS = NO;
				CLANG_ANALYZER_NONNULL = YES;
				CLANG_ANALYZER_NUMBER_OBJECT_CONVERSION = YES_AGGRESSIVE;
				CLANG_CXX_LANGUAGE_STANDARD = "gnu++17";
				CLANG_ENABLE_MODULES = YES;
				CLANG_ENABLE_OBJC_ARC = YES;
				CLANG_ENABLE_OBJC_WEAK = YES;
				CLANG_WARN_BLOCK_CAPTURE_AUTORELEASING = YES;
				CLANG_WARN_BOOL_CONVERSION = YES;
				CLANG_WARN_COMMA = YES;
				CLANG_WARN_CONSTANT_CONVERSION = YES;
				CLANG_WARN_DEPRECATED_OBJC_IMPLEMENTATIONS = YES;
				CLANG_WARN_DIRECT_OBJC_ISA_USAGE = YES_ERROR;
				CLANG_WARN_DOCUMENTATION_COMMENTS = YES;
				CLANG_WARN_EMPTY_BODY = YES;
				CLANG_WARN_ENUM_CONVERSION = YES;
				CLANG_WARN_INFINITE_RECURSION = YES;
				CLANG_WARN_INT_CONVERSION = YES;
				CLANG_WARN_NON_LITERAL_NULL_CONVERSION = YES;
				CLANG_WARN_OBJC_IMPLICIT_RETAIN_SELF = YES;
				CLANG_WARN_OBJC_LITERAL_CONVERSION = YES;
				CLANG_WARN_OBJC_ROOT_CLASS = YES_ERROR;
				CLANG_WARN_QUOTED_INCLUDE_IN_FRAMEWORK_HEADER = YES;
				CLANG_WARN_RANGE_LOOP_ANALYSIS = YES;
				CLANG_WARN_STRICT_PROTOTYPES = YES;
				CLANG_WARN_SUSPICIOUS_MOVE = YES;
				CLANG_WARN_UNGUARDED_AVAILABILITY = YES_AGGRESSIVE;
				CLANG_WARN_UNREACHABLE_CODE = YES;
				CLANG_WARN__DUPLICATE_METHOD_MATCH = YES;
				COPY_PHASE_STRIP = NO;
				DEBUG_INFORMATION_FORMAT = "dwarf-with-dsym";
				ENABLE_NS_ASSERTIONS = NO;
				ENABLE_STRICT_OBJC_MSGSEND = YES;
				GCC_C_LANGUAGE_STANDARD = gnu11;
				GCC_NO_COMMON_BLOCKS = YES;
				GCC_WARN_64_TO_32_BIT_CONVERSION = YES;
				GCC_WARN_ABOUT_RETURN_TYPE = YES_ERROR;
				GCC_WARN_UNDECLARED_SELECTOR = YES;
				GCC_WARN_UNINITIALIZED_AUTOS = YES_AGGRESSIVE;
				GCC_WARN_UNUSED_FUNCTION = YES;
				GCC_WARN_UNUSED_VARIABLE = YES;
				IPHONEOS_DEPLOYMENT_TARGET = 15.5;
				MTL_ENABLE_DEBUG_INFO = NO;
				MTL_FAST_MATH = YES;
				SDKROOT = iphoneos;
				SWIFT_COMPILATION_MODE = wholemodule;
				SWIFT_OPTIMIZATION_LEVEL = "-O";
				VALIDATE_PRODUCT = YES;
			};
			name = Release;
		};
		612D1A45284FA76F00FE31E2 /* Debug */ = {
			isa = XCBuildConfiguration;
			buildSettings = {
				ASSETCATALOG_COMPILER_APPICON_NAME = AppIcon;
				ASSETCATALOG_COMPILER_GLOBAL_ACCENT_COLOR_NAME = AccentColor;
				CODE_SIGN_STYLE = Automatic;
				CURRENT_PROJECT_VERSION = 1;
				GENERATE_INFOPLIST_FILE = YES;
				INFOPLIST_FILE = "Ray-Wanderlich/Info.plist";
				INFOPLIST_KEY_UIApplicationSupportsIndirectInputEvents = YES;
				INFOPLIST_KEY_UILaunchStoryboardName = LaunchScreen;
				INFOPLIST_KEY_UIMainStoryboardFile = Main;
				INFOPLIST_KEY_UISupportedInterfaceOrientations_iPad = "UIInterfaceOrientationPortrait UIInterfaceOrientationPortraitUpsideDown UIInterfaceOrientationLandscapeLeft UIInterfaceOrientationLandscapeRight";
				INFOPLIST_KEY_UISupportedInterfaceOrientations_iPhone = "UIInterfaceOrientationPortrait UIInterfaceOrientationLandscapeLeft UIInterfaceOrientationLandscapeRight";
				LD_RUNPATH_SEARCH_PATHS = (
					"$(inherited)",
					"@executable_path/Frameworks",
				);
				MARKETING_VERSION = 1.0;
				PRODUCT_BUNDLE_IDENTIFIER = "com.Ray-Wanderlich";
				PRODUCT_NAME = "$(TARGET_NAME)";
				SWIFT_EMIT_LOC_STRINGS = YES;
				SWIFT_VERSION = 5.0;
				TARGETED_DEVICE_FAMILY = "1,2";
			};
			name = Debug;
		};
		612D1A46284FA76F00FE31E2 /* Release */ = {
			isa = XCBuildConfiguration;
			buildSettings = {
				ASSETCATALOG_COMPILER_APPICON_NAME = AppIcon;
				ASSETCATALOG_COMPILER_GLOBAL_ACCENT_COLOR_NAME = AccentColor;
				CODE_SIGN_STYLE = Automatic;
				CURRENT_PROJECT_VERSION = 1;
				GENERATE_INFOPLIST_FILE = YES;
				INFOPLIST_FILE = "Ray-Wanderlich/Info.plist";
				INFOPLIST_KEY_UIApplicationSupportsIndirectInputEvents = YES;
				INFOPLIST_KEY_UILaunchStoryboardName = LaunchScreen;
				INFOPLIST_KEY_UIMainStoryboardFile = Main;
				INFOPLIST_KEY_UISupportedInterfaceOrientations_iPad = "UIInterfaceOrientationPortrait UIInterfaceOrientationPortraitUpsideDown UIInterfaceOrientationLandscapeLeft UIInterfaceOrientationLandscapeRight";
				INFOPLIST_KEY_UISupportedInterfaceOrientations_iPhone = "UIInterfaceOrientationPortrait UIInterfaceOrientationLandscapeLeft UIInterfaceOrientationLandscapeRight";
				LD_RUNPATH_SEARCH_PATHS = (
					"$(inherited)",
					"@executable_path/Frameworks",
				);
				MARKETING_VERSION = 1.0;
				PRODUCT_BUNDLE_IDENTIFIER = "com.Ray-Wanderlich";
				PRODUCT_NAME = "$(TARGET_NAME)";
				SWIFT_EMIT_LOC_STRINGS = YES;
				SWIFT_VERSION = 5.0;
				TARGETED_DEVICE_FAMILY = "1,2";
			};
			name = Release;
		};
		612D1A48284FA76F00FE31E2 /* Debug */ = {
			isa = XCBuildConfiguration;
			buildSettings = {
				ALWAYS_EMBED_SWIFT_STANDARD_LIBRARIES = YES;
				BUNDLE_LOADER = "$(TEST_HOST)";
				CODE_SIGN_STYLE = Automatic;
				CURRENT_PROJECT_VERSION = 1;
				GENERATE_INFOPLIST_FILE = YES;
				IPHONEOS_DEPLOYMENT_TARGET = 15.5;
				MARKETING_VERSION = 1.0;
				PRODUCT_BUNDLE_IDENTIFIER = "com.Ray-WanderlichTests";
				PRODUCT_NAME = "$(TARGET_NAME)";
				SWIFT_EMIT_LOC_STRINGS = NO;
				SWIFT_VERSION = 5.0;
				TARGETED_DEVICE_FAMILY = "1,2";
				TEST_HOST = "$(BUILT_PRODUCTS_DIR)/Ray-Wanderlich.app/Ray-Wanderlich";
			};
			name = Debug;
		};
		612D1A49284FA76F00FE31E2 /* Release */ = {
			isa = XCBuildConfiguration;
			buildSettings = {
				ALWAYS_EMBED_SWIFT_STANDARD_LIBRARIES = YES;
				BUNDLE_LOADER = "$(TEST_HOST)";
				CODE_SIGN_STYLE = Automatic;
				CURRENT_PROJECT_VERSION = 1;
				GENERATE_INFOPLIST_FILE = YES;
				IPHONEOS_DEPLOYMENT_TARGET = 15.5;
				MARKETING_VERSION = 1.0;
				PRODUCT_BUNDLE_IDENTIFIER = "com.Ray-WanderlichTests";
				PRODUCT_NAME = "$(TARGET_NAME)";
				SWIFT_EMIT_LOC_STRINGS = NO;
				SWIFT_VERSION = 5.0;
				TARGETED_DEVICE_FAMILY = "1,2";
				TEST_HOST = "$(BUILT_PRODUCTS_DIR)/Ray-Wanderlich.app/Ray-Wanderlich";
			};
			name = Release;
		};
		612D1A4B284FA76F00FE31E2 /* Debug */ = {
			isa = XCBuildConfiguration;
			buildSettings = {
				ALWAYS_EMBED_SWIFT_STANDARD_LIBRARIES = YES;
				CODE_SIGN_STYLE = Automatic;
				CURRENT_PROJECT_VERSION = 1;
				GENERATE_INFOPLIST_FILE = YES;
				MARKETING_VERSION = 1.0;
				PRODUCT_BUNDLE_IDENTIFIER = "com.Ray-WanderlichUITests";
				PRODUCT_NAME = "$(TARGET_NAME)";
				SWIFT_EMIT_LOC_STRINGS = NO;
				SWIFT_VERSION = 5.0;
				TARGETED_DEVICE_FAMILY = "1,2";
				TEST_TARGET_NAME = "Ray-Wanderlich";
			};
			name = Debug;
		};
		612D1A4C284FA76F00FE31E2 /* Release */ = {
			isa = XCBuildConfiguration;
			buildSettings = {
				ALWAYS_EMBED_SWIFT_STANDARD_LIBRARIES = YES;
				CODE_SIGN_STYLE = Automatic;
				CURRENT_PROJECT_VERSION = 1;
				GENERATE_INFOPLIST_FILE = YES;
				MARKETING_VERSION = 1.0;
				PRODUCT_BUNDLE_IDENTIFIER = "com.Ray-WanderlichUITests";
				PRODUCT_NAME = "$(TARGET_NAME)";
				SWIFT_EMIT_LOC_STRINGS = NO;
				SWIFT_VERSION = 5.0;
				TARGETED_DEVICE_FAMILY = "1,2";
				TEST_TARGET_NAME = "Ray-Wanderlich";
			};
			name = Release;
		};
/* End XCBuildConfiguration section */

/* Begin XCConfigurationList section */
		612D1A15284FA76C00FE31E2 /* Build configuration list for PBXProject "Ray-Wanderlich" */ = {
			isa = XCConfigurationList;
			buildConfigurations = (
				612D1A42284FA76F00FE31E2 /* Debug */,
				612D1A43284FA76F00FE31E2 /* Release */,
			);
			defaultConfigurationIsVisible = 0;
			defaultConfigurationName = Release;
		};
		612D1A44284FA76F00FE31E2 /* Build configuration list for PBXNativeTarget "Ray-Wanderlich" */ = {
			isa = XCConfigurationList;
			buildConfigurations = (
				612D1A45284FA76F00FE31E2 /* Debug */,
				612D1A46284FA76F00FE31E2 /* Release */,
			);
			defaultConfigurationIsVisible = 0;
			defaultConfigurationName = Release;
		};
		612D1A47284FA76F00FE31E2 /* Build configuration list for PBXNativeTarget "Ray-WanderlichTests" */ = {
			isa = XCConfigurationList;
			buildConfigurations = (
				612D1A48284FA76F00FE31E2 /* Debug */,
				612D1A49284FA76F00FE31E2 /* Release */,
			);
			defaultConfigurationIsVisible = 0;
			defaultConfigurationName = Release;
		};
		612D1A4A284FA76F00FE31E2 /* Build configuration list for PBXNativeTarget "Ray-WanderlichUITests" */ = {
			isa = XCConfigurationList;
			buildConfigurations = (
				612D1A4B284FA76F00FE31E2 /* Debug */,
				612D1A4C284FA76F00FE31E2 /* Release */,
			);
			defaultConfigurationIsVisible = 0;
			defaultConfigurationName = Release;
		};
/* End XCConfigurationList section */
	};
	rootObject = 612D1A12284FA76C00FE31E2 /* Project object */;
}
